{
    "_meta": {
        "hash": {
            "sha256": "bdb920581c6e13a0d6a309d78663b1723fcad78bc709351fed9a59f8916e0ebc"
        },
        "pipfile-spec": 6,
        "requires": {
            "python_version": "3.10"
        },
        "sources": [
            {
                "name": "pypi",
                "url": "https://pypi.org/simple",
                "verify_ssl": true
            }
        ]
    },
    "default": {
        "robotframework": {
            "hashes": [
                "sha256:bffecba8c43d4294936d921f0af4941079039edce88194769133719732c608bc",
                "sha256:ee912636885e2dc4bcf4ec1d5b3ac2a5b81cadfcfedf4a169bd4ad6576ff8f53"
            ],
            "index": "pypi",
            "version": "==5.0"
        }
    },
    "develop": {}
}
